
Microsoft Visual Studio Solution File, Format Version 12.00
# Visual Studio 15
VisualStudioVersion = 15.0.27703.2000
MinimumVisualStudioVersion = 10.0.40219.1
Project("{FAE04EC0-301F-11D3-BF4B-00C04F79EFBC}") = "BlueBoat.Web", "BlueBoat.Web\BlueBoat.Web.csproj", "{EB0778AE-F86F-4767-A83B-531D3ADB0450}"
EndProject
Global
	GlobalSection(SolutionConfigurationPlatforms) = preSolution
		Debug|Any CPU = Debug|Any CPU
		Release|Any CPU = Release|Any CPU
	EndGlobalSection
	GlobalSection(ProjectConfigurationPlatforms) = postSolution
		{EB0778AE-F86F-4767-A83B-531D3ADB0450}.Debug|Any CPU.ActiveCfg = Debug|Any CPU
		{EB0778AE-F86F-4767-A83B-531D3ADB0450}.Debug|Any CPU.Build.0 = Debug|Any CPU
		{EB0778AE-F86F-4767-A83B-531D3ADB0450}.Release|Any CPU.ActiveCfg = Release|Any CPU
		{EB0778AE-F86F-4767-A83B-531D3ADB0450}.Release|Any CPU.Build.0 = Release|Any CPU
	EndGlobalSection
	GlobalSection(SolutionProperties) = preSolution
		HideSolutionNode = FALSE
	EndGlobalSection
	GlobalSection(ExtensibilityGlobals) = postSolution
		SolutionGuid = {D4451FD7-69AD-45CB-9CE5-03CF87EA6C8B}
	EndGlobalSection
EndGlobal
